
Microsoft Visual Studio Solution File, Format Version 12.00
# Visual Studio 15
VisualStudioVersion = 15.0.27703.2042
MinimumVisualStudioVersion = 10.0.40219.1
Project("{FAE04EC0-301F-11D3-BF4B-00C04F79EFBC}") = "ProfileApp", "ProfileApp\ProfileApp.csproj", "{2A20CB4E-DC51-45DB-AE9B-3AA1C7ABF5EB}"
EndProject
Project("{FAE04EC0-301F-11D3-BF4B-00C04F79EFBC}") = "Profile.DAL", "Profile.DAL\Profile.DAL.csproj", "{854515CD-C704-44D2-9AB3-EB2A071E704F}"
EndProject
Project("{FAE04EC0-301F-11D3-BF4B-00C04F79EFBC}") = "Profile.BLL", "Profile.BLL\Profile.BLL.csproj", "{28242EF3-0DA1-4666-8A27-5C5EFAE0A964}"
EndProject
Global
	GlobalSection(SolutionConfigurationPlatforms) = preSolution
		Debug|Any CPU = Debug|Any CPU
		Release|Any CPU = Release|Any CPU
	EndGlobalSection
	GlobalSection(ProjectConfigurationPlatforms) = postSolution
		{2A20CB4E-DC51-45DB-AE9B-3AA1C7ABF5EB}.Debug|Any CPU.ActiveCfg = Debug|Any CPU
		{2A20CB4E-DC51-45DB-AE9B-3AA1C7ABF5EB}.Debug|Any CPU.Build.0 = Debug|Any CPU
		{2A20CB4E-DC51-45DB-AE9B-3AA1C7ABF5EB}.Release|Any CPU.ActiveCfg = Release|Any CPU
		{2A20CB4E-DC51-45DB-AE9B-3AA1C7ABF5EB}.Release|Any CPU.Build.0 = Release|Any CPU
		{854515CD-C704-44D2-9AB3-EB2A071E704F}.Debug|Any CPU.ActiveCfg = Debug|Any CPU
		{854515CD-C704-44D2-9AB3-EB2A071E704F}.Debug|Any CPU.Build.0 = Debug|Any CPU
		{854515CD-C704-44D2-9AB3-EB2A071E704F}.Release|Any CPU.ActiveCfg = Release|Any CPU
		{854515CD-C704-44D2-9AB3-EB2A071E704F}.Release|Any CPU.Build.0 = Release|Any CPU
		{28242EF3-0DA1-4666-8A27-5C5EFAE0A964}.Debug|Any CPU.ActiveCfg = Debug|Any CPU
		{28242EF3-0DA1-4666-8A27-5C5EFAE0A964}.Debug|Any CPU.Build.0 = Debug|Any CPU
		{28242EF3-0DA1-4666-8A27-5C5EFAE0A964}.Release|Any CPU.ActiveCfg = Release|Any CPU
		{28242EF3-0DA1-4666-8A27-5C5EFAE0A964}.Release|Any CPU.Build.0 = Release|Any CPU
	EndGlobalSection
	GlobalSection(SolutionProperties) = preSolution
		HideSolutionNode = FALSE
	EndGlobalSection
	GlobalSection(ExtensibilityGlobals) = postSolution
		SolutionGuid = {FEEFB757-8E73-4810-B5D0-3C5BCC5382F5}
	EndGlobalSection
EndGlobal
